
Microsoft Visual Studio Solution File, Format Version 12.00
# Visual Studio Version 17
VisualStudioVersion = 17.13.35825.156 d17.13
MinimumVisualStudioVersion = 10.0.40219.1
Project("{FAE04EC0-301F-11D3-BF4B-00C04F79EFBC}") = "ProjectPatternsandSoftwareDesign_1", "ProjectPatternsandSoftwareDesign_1\ProjectPatternsandSoftwareDesign_1.csproj", "{4D7A8315-2FD5-4E23-AB78-30329EED8B13}"
EndProject
Global
	GlobalSection(SolutionConfigurationPlatforms) = preSolution
		Debug|Any CPU = Debug|Any CPU
		Release|Any CPU = Release|Any CPU
	EndGlobalSection
	GlobalSection(ProjectConfigurationPlatforms) = postSolution
		{4D7A8315-2FD5-4E23-AB78-30329EED8B13}.Debug|Any CPU.ActiveCfg = Debug|Any CPU
		{4D7A8315-2FD5-4E23-AB78-30329EED8B13}.Debug|Any CPU.Build.0 = Debug|Any CPU
		{4D7A8315-2FD5-4E23-AB78-30329EED8B13}.Release|Any CPU.ActiveCfg = Release|Any CPU
		{4D7A8315-2FD5-4E23-AB78-30329EED8B13}.Release|Any CPU.Build.0 = Release|Any CPU
	EndGlobalSection
	GlobalSection(SolutionProperties) = preSolution
		HideSolutionNode = FALSE
	EndGlobalSection
	GlobalSection(ExtensibilityGlobals) = postSolution
		SolutionGuid = {161C944F-41C3-4993-904A-5FDFED8CF6B0}
	EndGlobalSection
EndGlobal
